lockfileVersion: 5.4

specifiers:
  miniprogram-api-typings: ^3.6.0

devDependencies:
  miniprogram-api-typings: registry.npmjs.org/miniprogram-api-typings/3.6.0

packages:

  registry.npmjs.org/miniprogram-api-typings/3.6.0:
    resolution: {integrity: sha512-xwK3PzhhxnfWqDfBikHLdAbj7Wy4F887nBcQrzwuF758Fw2qC4ivpKPL9t0uJZk5QYnU28+NqA7Q3lzYGMHQnA==, registry: https://registry.yarnpkg.com/, tarball: https://registry.npmjs.org/miniprogram-api-typings/-/miniprogram-api-typings-3.6.0.tgz}
    name: miniprogram-api-typings
    version: 3.6.0
    dev: true
